<Solution>
  <Project Path="HelpDesk.Api.Tests/HelpDesk.Api.Tests.csproj" />
  <Project Path="HelpDesk.Api/HelpDesk.Api.csproj" />
  <Project Path="HelpDesk.Application/HelpDesk.Application.csproj" />
  <Project Path="HelpDesk.Console/HelpDesk.Console.csproj" />
  <Project Path="HelpDesk.Domain/HelpDesk.Domain.csproj" />
  <Project Path="HelpDesk.Infrastructure/HelpDesk.Infrastructure.csproj" />
  <Project Path="HelpDesk.Tests/HelpDesk.Tests.csproj" />
</Solution>
